github.com/brk0v/directio v0.0.0-20190225130936-69406e757cf7 h1:7gNKWnX6OF+ERiXVw4I9RsHhZ52aumXdFE07nEx5v20=
github.com/brk0v/directio v0.0.0-20190225130936-69406e757cf7/go.mod h1:M/KA3XJG5PJaApPiv4gWNsgcSJquOQTqumZNLyYE0KM=
golang.org/x/sys v0.2.0 h1:ljd4t30dBnAvMZaQCevtY0xLLD0A+bRZXbgLMLU1F/A=
golang.org/x/sys v0.2.0/go.mod h1:oPkhp1MJrh7nUepCBck5+mAzfO9JrbApNNgaTdGDITg=
